
Microsoft Visual Studio Solution File, Format Version 12.00
# Visual Studio Version 17
VisualStudioVersion = 17.4.33213.308
MinimumVisualStudioVersion = 10.0.40219.1
Project("{9A19103F-16F7-4668-BE54-9A1E7A4F7556}") = "WeatherProducer", "WeatherProducer\WeatherProducer.csproj", "{DD4257D4-2AAB-4AF3-BF2F-EDB1A5D580C6}"
EndProject
Project("{2150E333-8FDC-42A3-9474-1A3956D46DE8}") = "DevOps", "DevOps", "{BAFB4B63-A661-42B9-BF02-843CE1A57BDD}"
	ProjectSection(SolutionItems) = preProject
		docker-compose.yml = docker-compose.yml
	EndProjectSection
EndProject
Project("{9A19103F-16F7-4668-BE54-9A1E7A4F7556}") = "WeatherApp.Kafka.Schemas", "WeatherApp.Kafka.Schemas\WeatherApp.Kafka.Schemas.csproj", "{226E672B-6D92-4E4A-BF47-7C0938C7BAC3}"
EndProject
Project("{9A19103F-16F7-4668-BE54-9A1E7A4F7556}") = "WeatherApp.Backend", "WeatherApp.Backend\WeatherApp.Backend.csproj", "{F3073E47-A511-4AF4-9233-07C515C8A825}"
EndProject
Global
	GlobalSection(SolutionConfigurationPlatforms) = preSolution
		Debug|Any CPU = Debug|Any CPU
		Release|Any CPU = Release|Any CPU
	EndGlobalSection
	GlobalSection(ProjectConfigurationPlatforms) = postSolution
		{DD4257D4-2AAB-4AF3-BF2F-EDB1A5D580C6}.Debug|Any CPU.ActiveCfg = Debug|Any CPU
		{DD4257D4-2AAB-4AF3-BF2F-EDB1A5D580C6}.Debug|Any CPU.Build.0 = Debug|Any CPU
		{DD4257D4-2AAB-4AF3-BF2F-EDB1A5D580C6}.Release|Any CPU.ActiveCfg = Release|Any CPU
		{DD4257D4-2AAB-4AF3-BF2F-EDB1A5D580C6}.Release|Any CPU.Build.0 = Release|Any CPU
		{226E672B-6D92-4E4A-BF47-7C0938C7BAC3}.Debug|Any CPU.ActiveCfg = Debug|Any CPU
		{226E672B-6D92-4E4A-BF47-7C0938C7BAC3}.Debug|Any CPU.Build.0 = Debug|Any CPU
		{226E672B-6D92-4E4A-BF47-7C0938C7BAC3}.Release|Any CPU.ActiveCfg = Release|Any CPU
		{226E672B-6D92-4E4A-BF47-7C0938C7BAC3}.Release|Any CPU.Build.0 = Release|Any CPU
		{F3073E47-A511-4AF4-9233-07C515C8A825}.Debug|Any CPU.ActiveCfg = Debug|Any CPU
		{F3073E47-A511-4AF4-9233-07C515C8A825}.Debug|Any CPU.Build.0 = Debug|Any CPU
		{F3073E47-A511-4AF4-9233-07C515C8A825}.Release|Any CPU.ActiveCfg = Release|Any CPU
		{F3073E47-A511-4AF4-9233-07C515C8A825}.Release|Any CPU.Build.0 = Release|Any CPU
	EndGlobalSection
	GlobalSection(SolutionProperties) = preSolution
		HideSolutionNode = FALSE
	EndGlobalSection
	GlobalSection(ExtensibilityGlobals) = postSolution
		SolutionGuid = {4BD79264-ECB9-460E-85F2-71CB9E4F71CF}
	EndGlobalSection
EndGlobal
